
Microsoft Visual Studio Solution File, Format Version 12.00
# Visual Studio Version 16
VisualStudioVersion = 16.0.30114.105
MinimumVisualStudioVersion = 10.0.40219.1
Project("{FAE04EC0-301F-11D3-BF4B-00C04F79EFBC}") = "BL", "BL\BL.csproj", "{F6761649-7570-46D7-AB78-0FB7454016AF}"
EndProject
Project("{FAE04EC0-301F-11D3-BF4B-00C04F79EFBC}") = "DL", "DL\DL.csproj", "{DA2C05D8-B6E8-452E-BA33-1BFB0AE6AE9E}"
EndProject
Project("{FAE04EC0-301F-11D3-BF4B-00C04F79EFBC}") = "Models", "Models\Models.csproj", "{4262F91B-7960-4E2C-8653-A32BDBC02688}"
EndProject
Project("{FAE04EC0-301F-11D3-BF4B-00C04F79EFBC}") = "Tests", "Tests\Tests.csproj", "{75A4D90B-9ED7-48AC-A64D-492FE3A969BA}"
EndProject
Project("{FAE04EC0-301F-11D3-BF4B-00C04F79EFBC}") = "UI", "UI\UI.csproj", "{A0147E9C-9DAD-4F49-9887-341B1378CFB5}"
EndProject
Global
	GlobalSection(SolutionConfigurationPlatforms) = preSolution
		Debug|Any CPU = Debug|Any CPU
		Release|Any CPU = Release|Any CPU
	EndGlobalSection
	GlobalSection(SolutionProperties) = preSolution
		HideSolutionNode = FALSE
	EndGlobalSection
	GlobalSection(ProjectConfigurationPlatforms) = postSolution
		{F6761649-7570-46D7-AB78-0FB7454016AF}.Debug|Any CPU.ActiveCfg = Debug|Any CPU
		{F6761649-7570-46D7-AB78-0FB7454016AF}.Debug|Any CPU.Build.0 = Debug|Any CPU
		{F6761649-7570-46D7-AB78-0FB7454016AF}.Release|Any CPU.ActiveCfg = Release|Any CPU
		{F6761649-7570-46D7-AB78-0FB7454016AF}.Release|Any CPU.Build.0 = Release|Any CPU
		{DA2C05D8-B6E8-452E-BA33-1BFB0AE6AE9E}.Debug|Any CPU.ActiveCfg = Debug|Any CPU
		{DA2C05D8-B6E8-452E-BA33-1BFB0AE6AE9E}.Debug|Any CPU.Build.0 = Debug|Any CPU
		{DA2C05D8-B6E8-452E-BA33-1BFB0AE6AE9E}.Release|Any CPU.ActiveCfg = Release|Any CPU
		{DA2C05D8-B6E8-452E-BA33-1BFB0AE6AE9E}.Release|Any CPU.Build.0 = Release|Any CPU
		{4262F91B-7960-4E2C-8653-A32BDBC02688}.Debug|Any CPU.ActiveCfg = Debug|Any CPU
		{4262F91B-7960-4E2C-8653-A32BDBC02688}.Debug|Any CPU.Build.0 = Debug|Any CPU
		{4262F91B-7960-4E2C-8653-A32BDBC02688}.Release|Any CPU.ActiveCfg = Release|Any CPU
		{4262F91B-7960-4E2C-8653-A32BDBC02688}.Release|Any CPU.Build.0 = Release|Any CPU
		{75A4D90B-9ED7-48AC-A64D-492FE3A969BA}.Debug|Any CPU.ActiveCfg = Debug|Any CPU
		{75A4D90B-9ED7-48AC-A64D-492FE3A969BA}.Debug|Any CPU.Build.0 = Debug|Any CPU
		{75A4D90B-9ED7-48AC-A64D-492FE3A969BA}.Release|Any CPU.ActiveCfg = Release|Any CPU
		{75A4D90B-9ED7-48AC-A64D-492FE3A969BA}.Release|Any CPU.Build.0 = Release|Any CPU
		{A0147E9C-9DAD-4F49-9887-341B1378CFB5}.Debug|Any CPU.ActiveCfg = Debug|Any CPU
		{A0147E9C-9DAD-4F49-9887-341B1378CFB5}.Debug|Any CPU.Build.0 = Debug|Any CPU
		{A0147E9C-9DAD-4F49-9887-341B1378CFB5}.Release|Any CPU.ActiveCfg = Release|Any CPU
		{A0147E9C-9DAD-4F49-9887-341B1378CFB5}.Release|Any CPU.Build.0 = Release|Any CPU
	EndGlobalSection
EndGlobal
